
Microsoft Visual Studio Solution File, Format Version 12.00
# Visual Studio Version 17
VisualStudioVersion = 17.14.36327.8 d17.14
MinimumVisualStudioVersion = 10.0.40219.1
Project("{FAE04EC0-301F-11D3-BF4B-00C04F79EFBC}") = "AssemblyServiceRegistrar", "AssemblyServiceRegistrar\AssemblyServiceRegistrar.csproj", "{F6F17A25-077C-4FC9-BBCB-986E366C0DCC}"
EndProject
Global
	GlobalSection(SolutionConfigurationPlatforms) = preSolution
		Debug|Any CPU = Debug|Any CPU
		Release|Any CPU = Release|Any CPU
	EndGlobalSection
	GlobalSection(ProjectConfigurationPlatforms) = postSolution
		{F6F17A25-077C-4FC9-BBCB-986E366C0DCC}.Debug|Any CPU.ActiveCfg = Debug|Any CPU
		{F6F17A25-077C-4FC9-BBCB-986E366C0DCC}.Debug|Any CPU.Build.0 = Debug|Any CPU
		{F6F17A25-077C-4FC9-BBCB-986E366C0DCC}.Release|Any CPU.ActiveCfg = Release|Any CPU
		{F6F17A25-077C-4FC9-BBCB-986E366C0DCC}.Release|Any CPU.Build.0 = Release|Any CPU
	EndGlobalSection
	GlobalSection(SolutionProperties) = preSolution
		HideSolutionNode = FALSE
	EndGlobalSection
	GlobalSection(ExtensibilityGlobals) = postSolution
		SolutionGuid = {F4244135-1E07-45A1-A114-91E9F09C1DF8}
	EndGlobalSection
EndGlobal
